
Microsoft Visual Studio Solution File, Format Version 12.00
# Visual Studio 15
VisualStudioVersion = 15.0.27703.2035
MinimumVisualStudioVersion = 10.0.40219.1
Project("{9A19103F-16F7-4668-BE54-9A1E7A4F7556}") = "ParkingLot.App", "ParkingLot.App\ParkingLot.App.csproj", "{A5BF9CA1-9A5A-422B-8999-BA90DA55B5BD}"
EndProject
Project("{FAE04EC0-301F-11D3-BF4B-00C04F79EFBC}") = "ParkingLot.App.Test", "ParkingLot.App.Test\ParkingLot.App.Test.csproj", "{5CB966CC-5605-409C-BB47-56FFC65B061C}"
EndProject
Global
	GlobalSection(SolutionConfigurationPlatforms) = preSolution
		Debug|Any CPU = Debug|Any CPU
		Release|Any CPU = Release|Any CPU
	EndGlobalSection
	GlobalSection(ProjectConfigurationPlatforms) = postSolution
		{A5BF9CA1-9A5A-422B-8999-BA90DA55B5BD}.Debug|Any CPU.ActiveCfg = Debug|Any CPU
		{A5BF9CA1-9A5A-422B-8999-BA90DA55B5BD}.Debug|Any CPU.Build.0 = Debug|Any CPU
		{A5BF9CA1-9A5A-422B-8999-BA90DA55B5BD}.Release|Any CPU.ActiveCfg = Release|Any CPU
		{A5BF9CA1-9A5A-422B-8999-BA90DA55B5BD}.Release|Any CPU.Build.0 = Release|Any CPU
		{5CB966CC-5605-409C-BB47-56FFC65B061C}.Debug|Any CPU.ActiveCfg = Debug|Any CPU
		{5CB966CC-5605-409C-BB47-56FFC65B061C}.Debug|Any CPU.Build.0 = Debug|Any CPU
		{5CB966CC-5605-409C-BB47-56FFC65B061C}.Release|Any CPU.ActiveCfg = Release|Any CPU
		{5CB966CC-5605-409C-BB47-56FFC65B061C}.Release|Any CPU.Build.0 = Release|Any CPU
	EndGlobalSection
	GlobalSection(SolutionProperties) = preSolution
		HideSolutionNode = FALSE
	EndGlobalSection
	GlobalSection(ExtensibilityGlobals) = postSolution
		SolutionGuid = {2D0D6B13-B128-47AC-8DF8-3C33894778D8}
	EndGlobalSection
EndGlobal
